
Microsoft Visual Studio Solution File, Format Version 12.00
# Visual Studio Version 17
VisualStudioVersion = 17.1.32328.378
MinimumVisualStudioVersion = 10.0.40219.1
Project("{FAE04EC0-301F-11D3-BF4B-00C04F79EFBC}") = "Calc_Bot", "Calc_Bot.csproj", "{CBC7D56C-4E42-4594-8963-264A523A751D}"
EndProject
Project("{FAE04EC0-301F-11D3-BF4B-00C04F79EFBC}") = "TemperatureConversion", "..\TemperatureConversion\TemperatureConversion.csproj", "{20C345C1-7773-4504-954B-70BAF80C76BB}"
EndProject
Global
	GlobalSection(SolutionConfigurationPlatforms) = preSolution
		Debug|Any CPU = Debug|Any CPU
		Release|Any CPU = Release|Any CPU
	EndGlobalSection
	GlobalSection(ProjectConfigurationPlatforms) = postSolution
		{CBC7D56C-4E42-4594-8963-264A523A751D}.Debug|Any CPU.ActiveCfg = Debug|Any CPU
		{CBC7D56C-4E42-4594-8963-264A523A751D}.Debug|Any CPU.Build.0 = Debug|Any CPU
		{CBC7D56C-4E42-4594-8963-264A523A751D}.Release|Any CPU.ActiveCfg = Release|Any CPU
		{CBC7D56C-4E42-4594-8963-264A523A751D}.Release|Any CPU.Build.0 = Release|Any CPU
		{20C345C1-7773-4504-954B-70BAF80C76BB}.Debug|Any CPU.ActiveCfg = Debug|Any CPU
		{20C345C1-7773-4504-954B-70BAF80C76BB}.Debug|Any CPU.Build.0 = Debug|Any CPU
		{20C345C1-7773-4504-954B-70BAF80C76BB}.Release|Any CPU.ActiveCfg = Release|Any CPU
		{20C345C1-7773-4504-954B-70BAF80C76BB}.Release|Any CPU.Build.0 = Release|Any CPU
	EndGlobalSection
	GlobalSection(SolutionProperties) = preSolution
		HideSolutionNode = FALSE
	EndGlobalSection
	GlobalSection(ExtensibilityGlobals) = postSolution
		SolutionGuid = {C538D69F-733F-4D0F-86E8-B64BD08F97CA}
	EndGlobalSection
EndGlobal
